
Microsoft Visual Studio Solution File, Format Version 12.00
# Visual Studio Version 17
VisualStudioVersion = 17.14.36518.9 d17.14
MinimumVisualStudioVersion = 10.0.40219.1
Project("{FAE04EC0-301F-11D3-BF4B-00C04F79EFBC}") = "MauiAppMinhasCompras", "MauiAppMinhasCompras\MauiAppMinhasCompras.csproj", "{029683E3-5EB9-42A0-B0BC-FF9CC4A8AEEC}"
EndProject
Global
	GlobalSection(SolutionConfigurationPlatforms) = preSolution
		Debug|Any CPU = Debug|Any CPU
		Release|Any CPU = Release|Any CPU
	EndGlobalSection
	GlobalSection(ProjectConfigurationPlatforms) = postSolution
		{029683E3-5EB9-42A0-B0BC-FF9CC4A8AEEC}.Debug|Any CPU.ActiveCfg = Debug|Any CPU
		{029683E3-5EB9-42A0-B0BC-FF9CC4A8AEEC}.Debug|Any CPU.Build.0 = Debug|Any CPU
		{029683E3-5EB9-42A0-B0BC-FF9CC4A8AEEC}.Debug|Any CPU.Deploy.0 = Debug|Any CPU
		{029683E3-5EB9-42A0-B0BC-FF9CC4A8AEEC}.Release|Any CPU.ActiveCfg = Release|Any CPU
		{029683E3-5EB9-42A0-B0BC-FF9CC4A8AEEC}.Release|Any CPU.Build.0 = Release|Any CPU
		{029683E3-5EB9-42A0-B0BC-FF9CC4A8AEEC}.Release|Any CPU.Deploy.0 = Release|Any CPU
	EndGlobalSection
	GlobalSection(SolutionProperties) = preSolution
		HideSolutionNode = FALSE
	EndGlobalSection
	GlobalSection(ExtensibilityGlobals) = postSolution
		SolutionGuid = {AADB7005-902E-409C-A036-7F173F78E1DB}
	EndGlobalSection
EndGlobal
